{
  "name": "portaldot-devsuite",
  "version": "0.1.0",
  "lockfileVersion": 3,
  "requires": true,
  "packages": {
    "": {
      "name": "portaldot-devsuite",
      "version": "0.1.0",
      "bin": {
        "portaldot": "cli.js"
      },
      "engines": {
        "node": ">=18.0.0"
      }
    }
  }
}
